
Microsoft Visual Studio Solution File, Format Version 12.00
# Visual Studio Version 16
VisualStudioVersion = 16.0.31205.134
MinimumVisualStudioVersion = 10.0.40219.1
Project("{FAE04EC0-301F-11D3-BF4B-00C04F79EFBC}") = "YoketoruVS21", "YoketoruVS21\YoketoruVS21.csproj", "{E4564B77-D4BA-4C37-878B-60F03476ED7C}"
EndProject
Global
	GlobalSection(SolutionConfigurationPlatforms) = preSolution
		Debug|Any CPU = Debug|Any CPU
		Release|Any CPU = Release|Any CPU
	EndGlobalSection
	GlobalSection(ProjectConfigurationPlatforms) = postSolution
		{E4564B77-D4BA-4C37-878B-60F03476ED7C}.Debug|Any CPU.ActiveCfg = Debug|Any CPU
		{E4564B77-D4BA-4C37-878B-60F03476ED7C}.Debug|Any CPU.Build.0 = Debug|Any CPU
		{E4564B77-D4BA-4C37-878B-60F03476ED7C}.Release|Any CPU.ActiveCfg = Release|Any CPU
		{E4564B77-D4BA-4C37-878B-60F03476ED7C}.Release|Any CPU.Build.0 = Release|Any CPU
	EndGlobalSection
	GlobalSection(SolutionProperties) = preSolution
		HideSolutionNode = FALSE
	EndGlobalSection
	GlobalSection(ExtensibilityGlobals) = postSolution
		SolutionGuid = {4C35EE15-A221-4E0D-B53E-B999FA1B1A39}
	EndGlobalSection
EndGlobal
